
Microsoft Visual Studio Solution File, Format Version 12.00
# Visual Studio 15
VisualStudioVersion = 15.0.28010.2003
MinimumVisualStudioVersion = 10.0.40219.1
Project("{9A19103F-16F7-4668-BE54-9A1E7A4F7556}") = "Senai.MeuPonto.WebApi", "Senai.MeuPonto.WebApi\Senai.MeuPonto.WebApi.csproj", "{8E4AE1C8-B71B-4DF8-AA7D-1A7C875D2B23}"
EndProject
Project("{2150E333-8FDC-42A3-9474-1A3956D46DE8}") = "TestesApi", "TestesApi", "{D01CB6EE-4B66-4F43-869F-77E27EFB77C8}"
EndProject
Project("{FAE04EC0-301F-11D3-BF4B-00C04F79EFBC}") = "Senai.MeuPonto.Testes.XUnit", "Senai.MeuPonto.Testes.XUnit\Senai.MeuPonto.Testes.XUnit.csproj", "{30AB73E3-3C66-42AF-8BB2-ADE8C134DCA9}"
EndProject
Global
	GlobalSection(SolutionConfigurationPlatforms) = preSolution
		Debug|Any CPU = Debug|Any CPU
		Release|Any CPU = Release|Any CPU
	EndGlobalSection
	GlobalSection(ProjectConfigurationPlatforms) = postSolution
		{8E4AE1C8-B71B-4DF8-AA7D-1A7C875D2B23}.Debug|Any CPU.ActiveCfg = Debug|Any CPU
		{8E4AE1C8-B71B-4DF8-AA7D-1A7C875D2B23}.Debug|Any CPU.Build.0 = Debug|Any CPU
		{8E4AE1C8-B71B-4DF8-AA7D-1A7C875D2B23}.Release|Any CPU.ActiveCfg = Release|Any CPU
		{8E4AE1C8-B71B-4DF8-AA7D-1A7C875D2B23}.Release|Any CPU.Build.0 = Release|Any CPU
		{30AB73E3-3C66-42AF-8BB2-ADE8C134DCA9}.Debug|Any CPU.ActiveCfg = Debug|Any CPU
		{30AB73E3-3C66-42AF-8BB2-ADE8C134DCA9}.Debug|Any CPU.Build.0 = Debug|Any CPU
		{30AB73E3-3C66-42AF-8BB2-ADE8C134DCA9}.Release|Any CPU.ActiveCfg = Release|Any CPU
		{30AB73E3-3C66-42AF-8BB2-ADE8C134DCA9}.Release|Any CPU.Build.0 = Release|Any CPU
	EndGlobalSection
	GlobalSection(SolutionProperties) = preSolution
		HideSolutionNode = FALSE
	EndGlobalSection
	GlobalSection(NestedProjects) = preSolution
		{30AB73E3-3C66-42AF-8BB2-ADE8C134DCA9} = {D01CB6EE-4B66-4F43-869F-77E27EFB77C8}
	EndGlobalSection
	GlobalSection(ExtensibilityGlobals) = postSolution
		SolutionGuid = {609AC94C-D276-46A6-AFB6-DA98B9EC264E}
	EndGlobalSection
EndGlobal
